
Microsoft Visual Studio Solution File, Format Version 12.00
# Visual Studio Version 17
VisualStudioVersion = 17.12.35506.116 d17.12
MinimumVisualStudioVersion = 10.0.40219.1
Project("{FAE04EC0-301F-11D3-BF4B-00C04F79EFBC}") = "BookStore.API", "BookStore.API\BookStore.API.csproj", "{0406038D-A9B2-45B4-9F7A-DDE9FE642B6D}"
EndProject
Project("{FAE04EC0-301F-11D3-BF4B-00C04F79EFBC}") = "BookStore.Core", "BookStore.Core\BookStore.Core.csproj", "{E7E9A3C4-1CC6-455E-B718-E06ABBFAFAF4}"
EndProject
Project("{FAE04EC0-301F-11D3-BF4B-00C04F79EFBC}") = "BookStore.Repository", "BookStore.Repository\BookStore.Repository.csproj", "{30DB20EB-C515-4259-9F99-82A700F52806}"
EndProject
Project("{FAE04EC0-301F-11D3-BF4B-00C04F79EFBC}") = "BookStore.Service", "BookStore.Service\BookStore.Service.csproj", "{5BAACABC-049D-4BDE-9A00-BB339EB9825C}"
EndProject
Global
	GlobalSection(SolutionConfigurationPlatforms) = preSolution
		Debug|Any CPU = Debug|Any CPU
		Release|Any CPU = Release|Any CPU
	EndGlobalSection
	GlobalSection(ProjectConfigurationPlatforms) = postSolution
		{0406038D-A9B2-45B4-9F7A-DDE9FE642B6D}.Debug|Any CPU.ActiveCfg = Debug|Any CPU
		{0406038D-A9B2-45B4-9F7A-DDE9FE642B6D}.Debug|Any CPU.Build.0 = Debug|Any CPU
		{0406038D-A9B2-45B4-9F7A-DDE9FE642B6D}.Release|Any CPU.ActiveCfg = Release|Any CPU
		{0406038D-A9B2-45B4-9F7A-DDE9FE642B6D}.Release|Any CPU.Build.0 = Release|Any CPU
		{E7E9A3C4-1CC6-455E-B718-E06ABBFAFAF4}.Debug|Any CPU.ActiveCfg = Debug|Any CPU
		{E7E9A3C4-1CC6-455E-B718-E06ABBFAFAF4}.Debug|Any CPU.Build.0 = Debug|Any CPU
		{E7E9A3C4-1CC6-455E-B718-E06ABBFAFAF4}.Release|Any CPU.ActiveCfg = Release|Any CPU
		{E7E9A3C4-1CC6-455E-B718-E06ABBFAFAF4}.Release|Any CPU.Build.0 = Release|Any CPU
		{30DB20EB-C515-4259-9F99-82A700F52806}.Debug|Any CPU.ActiveCfg = Debug|Any CPU
		{30DB20EB-C515-4259-9F99-82A700F52806}.Debug|Any CPU.Build.0 = Debug|Any CPU
		{30DB20EB-C515-4259-9F99-82A700F52806}.Release|Any CPU.ActiveCfg = Release|Any CPU
		{30DB20EB-C515-4259-9F99-82A700F52806}.Release|Any CPU.Build.0 = Release|Any CPU
		{5BAACABC-049D-4BDE-9A00-BB339EB9825C}.Debug|Any CPU.ActiveCfg = Debug|Any CPU
		{5BAACABC-049D-4BDE-9A00-BB339EB9825C}.Debug|Any CPU.Build.0 = Debug|Any CPU
		{5BAACABC-049D-4BDE-9A00-BB339EB9825C}.Release|Any CPU.ActiveCfg = Release|Any CPU
		{5BAACABC-049D-4BDE-9A00-BB339EB9825C}.Release|Any CPU.Build.0 = Release|Any CPU
	EndGlobalSection
	GlobalSection(SolutionProperties) = preSolution
		HideSolutionNode = FALSE
	EndGlobalSection
EndGlobal
